// !$*UTF8*$!
{
	archiveVersion = 1;
	classes = {
	};
	objectVersion = 50;
	objects = {

/* Begin PBXBuildFile section */
		7862617720B2E1B000E808F2 /* AppDelegate.swift in Sources */ = {isa = PBXBuildFile; fileRef = 7862617620B2E1B000E808F2 /* AppDelegate.swift */; };
		7862617920B2E1B000E808F2 /* ViewController.swift in Sources */ = {isa = PBXBuildFile; fileRef = 7862617820B2E1B000E808F2 /* ViewController.swift */; };
		7862617C20B2E1B000E808F2 /* Main.storyboard in Resources */ = {isa = PBXBuildFile; fileRef = 7862617A20B2E1B000E808F2 /* Main.storyboard */; };
		7862617F20B2E1B000E808F2 /* MyGames.xcdatamodeld in Sources */ = {isa = PBXBuildFile; fileRef = 7862617D20B2E1B000E808F2 /* MyGames.xcdatamodeld */; };
		7862618120B2E1B000E808F2 /* Assets.xcassets in Resources */ = {isa = PBXBuildFile; fileRef = 7862618020B2E1B000E808F2 /* Assets.xcassets */; };
		7862618420B2E1B000E808F2 /* LaunchScreen.storyboard in Resources */ = {isa = PBXBuildFile; fileRef = 7862618220B2E1B000E808F2 /* LaunchScreen.storyboard */; };
		7862618C20B2ECF300E808F2 /* GameTableViewController.swift in Sources */ = {isa = PBXBuildFile; fileRef = 7862618B20B2ECF300E808F2 /* GameTableViewController.swift */; };
		7862618E20B2ED0A00E808F2 /* ConsolesTableViewController.swift in Sources */ = {isa = PBXBuildFile; fileRef = 7862618D20B2ED0A00E808F2 /* ConsolesTableViewController.swift */; };
		7862619020B2ED3100E808F2 /* GameViewController.swift in Sources */ = {isa = PBXBuildFile; fileRef = 7862618F20B2ED3100E808F2 /* GameViewController.swift */; };
		7862619220B2ED4B00E808F2 /* AddEditViewController.swift in Sources */ = {isa = PBXBuildFile; fileRef = 7862619120B2ED4B00E808F2 /* AddEditViewController.swift */; };
		7862619420B2EDC600E808F2 /* GameTableViewCell.swift in Sources */ = {isa = PBXBuildFile; fileRef = 7862619320B2EDC600E808F2 /* GameTableViewCell.swift */; };
		7862619620B2FB0B00E808F2 /* ViewController+CoreData.swift in Sources */ = {isa = PBXBuildFile; fileRef = 7862619520B2FB0B00E808F2 /* ViewController+CoreData.swift */; };
		7862619820B3049C00E808F2 /* ConsolesManager.swift in Sources */ = {isa = PBXBuildFile; fileRef = 7862619720B3049C00E808F2 /* ConsolesManager.swift */; };
/* End PBXBuildFile section */

/* Begin PBXFileReference section */
		7862617320B2E1B000E808F2 /* MyGames.app */ = {isa = PBXFileReference; explicitFileType = wrapper.application; includeInIndex = 0; path = MyGames.app; sourceTree = BUILT_PRODUCTS_DIR; };
		7862617620B2E1B000E808F2 /* AppDelegate.swift */ = {isa = PBXFileReference; lastKnownFileType = sourcecode.swift; path = AppDelegate.swift; sourceTree = "<group>"; };
		7862617820B2E1B000E808F2 /* ViewController.swift */ = {isa = PBXFileReference; lastKnownFileType = sourcecode.swift; path = ViewController.swift; sourceTree = "<group>"; };
		7862617B20B2E1B000E808F2 /* Base */ = {isa = PBXFileReference; lastKnownFileType = file.storyboard; name = Base; path = Base.lproj/Main.storyboard; sourceTree = "<group>"; };
		7862617E20B2E1B000E808F2 /* MyGames.xcdatamodel */ = {isa = PBXFileReference; lastKnownFileType = wrapper.xcdatamodel; path = MyGames.xcdatamodel; sourceTree = "<group>"; };
		7862618020B2E1B000E808F2 /* Assets.xcassets */ = {isa = PBXFileReference; lastKnownFileType = folder.assetcatalog; path = Assets.xcassets; sourceTree = "<group>"; };
		7862618320B2E1B000E808F2 /* Base */ = {isa = PBXFileReference; lastKnownFileType = file.storyboard; name = Base; path = Base.lproj/LaunchScreen.storyboard; sourceTree = "<group>"; };
		7862618520B2E1B000E808F2 /* Info.plist */ = {isa = PBXFileReference; lastKnownFileType = text.plist.xml; path = Info.plist; sourceTree = "<group>"; };
		7862618B20B2ECF300E808F2 /* GameTableViewController.swift */ = {isa = PBXFileReference; lastKnownFileType = sourcecode.swift; path = GameTableViewController.swift; sourceTree = "<group>"; };
		7862618D20B2ED0A00E808F2 /* ConsolesTableViewController.swift */ = {isa = PBXFileReference; lastKnownFileType = sourcecode.swift; path = ConsolesTableViewController.swift; sourceTree = "<group>"; };
		7862618F20B2ED3100E808F2 /* GameViewController.swift */ = {isa = PBXFileReference; lastKnownFileType = sourcecode.swift; path = GameViewController.swift; sourceTree = "<group>"; };
		7862619120B2ED4B00E808F2 /* AddEditViewController.swift */ = {isa = PBXFileReference; lastKnownFileType = sourcecode.swift; path = AddEditViewController.swift; sourceTree = "<group>"; };
		7862619320B2EDC600E808F2 /* GameTableViewCell.swift */ = {isa = PBXFileReference; lastKnownFileType = sourcecode.swift; path = GameTableViewCell.swift; sourceTree = "<group>"; };
		7862619520B2FB0B00E808F2 /* ViewController+CoreData.swift */ = {isa = PBXFileReference; lastKnownFileType = sourcecode.swift; path = "ViewController+CoreData.swift"; sourceTree = "<group>"; };
		7862619720B3049C00E808F2 /* ConsolesManager.swift */ = {isa = PBXFileReference; lastKnownFileType = sourcecode.swift; path = ConsolesManager.swift; sourceTree = "<group>"; };
/* End PBXFileReference section */

/* Begin PBXFrameworksBuildPhase section */
		7862617020B2E1B000E808F2 /* Frameworks */ = {
			isa = PBXFrameworksBuildPhase;
			buildActionMask = 2147483647;
			files = (
			);
			runOnlyForDeploymentPostprocessing = 0;
		};
/* End PBXFrameworksBuildPhase section */

/* Begin PBXGroup section */
		7862616A20B2E1B000E808F2 = {
			isa = PBXGroup;
			children = (
				7862617520B2E1B000E808F2 /* MyGames */,
				7862617420B2E1B000E808F2 /* Products */,
			);
			sourceTree = "<group>";
		};
		7862617420B2E1B000E808F2 /* Products */ = {
			isa = PBXGroup;
			children = (
				7862617320B2E1B000E808F2 /* MyGames.app */,
			);
			name = Products;
			sourceTree = "<group>";
		};
		7862617520B2E1B000E808F2 /* MyGames */ = {
			isa = PBXGroup;
			children = (
				7862617620B2E1B000E808F2 /* AppDelegate.swift */,
				7862617820B2E1B000E808F2 /* ViewController.swift */,
				7862617A20B2E1B000E808F2 /* Main.storyboard */,
				7862619520B2FB0B00E808F2 /* ViewController+CoreData.swift */,
				7862619120B2ED4B00E808F2 /* AddEditViewController.swift */,
				7862618F20B2ED3100E808F2 /* GameViewController.swift */,
				7862618B20B2ECF300E808F2 /* GameTableViewController.swift */,
				7862619320B2EDC600E808F2 /* GameTableViewCell.swift */,
				7862618D20B2ED0A00E808F2 /* ConsolesTableViewController.swift */,
				7862619720B3049C00E808F2 /* ConsolesManager.swift */,
				7862618020B2E1B000E808F2 /* Assets.xcassets */,
				7862618220B2E1B000E808F2 /* LaunchScreen.storyboard */,
				7862618520B2E1B000E808F2 /* Info.plist */,
				7862617D20B2E1B000E808F2 /* MyGames.xcdatamodeld */,
			);
			path = MyGames;
			sourceTree = "<group>";
		};
/* End PBXGroup section */

/* Begin PBXNativeTarget section */
		7862617220B2E1B000E808F2 /* MyGames */ = {
			isa = PBXNativeTarget;
			buildConfigurationList = 7862618820B2E1B000E808F2 /* Build configuration list for PBXNativeTarget "MyGames" */;
			buildPhases = (
				7862616F20B2E1B000E808F2 /* Sources */,
				7862617020B2E1B000E808F2 /* Frameworks */,
				7862617120B2E1B000E808F2 /* Resources */,
			);
			buildRules = (
			);
			dependencies = (
			);
			name = MyGames;
			productName = MyGames;
			productReference = 7862617320B2E1B000E808F2 /* MyGames.app */;
			productType = "com.apple.product-type.application";
		};
/* End PBXNativeTarget section */

/* Begin PBXProject section */
		7862616B20B2E1B000E808F2 /* Project object */ = {
			isa = PBXProject;
			attributes = {
				LastSwiftUpdateCheck = 0930;
				LastUpgradeCheck = 0930;
				ORGANIZATIONNAME = "Joao Rocha";
				TargetAttributes = {
					7862617220B2E1B000E808F2 = {
						CreatedOnToolsVersion = 9.3;
					};
				};
			};
			buildConfigurationList = 7862616E20B2E1B000E808F2 /* Build configuration list for PBXProject "MyGames" */;
			compatibilityVersion = "Xcode 9.3";
			developmentRegion = en;
			hasScannedForEncodings = 0;
			knownRegions = (
				en,
				Base,
			);
			mainGroup = 7862616A20B2E1B000E808F2;
			productRefGroup = 7862617420B2E1B000E808F2 /* Products */;
			projectDirPath = "";
			projectRoot = "";
			targets = (
				7862617220B2E1B000E808F2 /* MyGames */,
			);
		};
/* End PBXProject section */

/* Begin PBXResourcesBuildPhase section */
		7862617120B2E1B000E808F2 /* Resources */ = {
			isa = PBXResourcesBuildPhase;
			buildActionMask = 2147483647;
			files = (
				7862618420B2E1B000E808F2 /* LaunchScreen.storyboard in Resources */,
				7862618120B2E1B000E808F2 /* Assets.xcassets in Resources */,
				7862617C20B2E1B000E808F2 /* Main.storyboard in Resources */,
			);
			runOnlyForDeploymentPostprocessing = 0;
		};
/* End PBXResourcesBuildPhase section */

/* Begin PBXSourcesBuildPhase section */
		7862616F20B2E1B000E808F2 /* Sources */ = {
			isa = PBXSourcesBuildPhase;
			buildActionMask = 2147483647;
			files = (
				7862617920B2E1B000E808F2 /* ViewController.swift in Sources */,
				7862619220B2ED4B00E808F2 /* AddEditViewController.swift in Sources */,
				7862618C20B2ECF300E808F2 /* GameTableViewController.swift in Sources */,
				7862617720B2E1B000E808F2 /* AppDelegate.swift in Sources */,
				7862617F20B2E1B000E808F2 /* MyGames.xcdatamodeld in Sources */,
				7862619620B2FB0B00E808F2 /* ViewController+CoreData.swift in Sources */,
				7862619020B2ED3100E808F2 /* GameViewController.swift in Sources */,
				7862619820B3049C00E808F2 /* ConsolesManager.swift in Sources */,
				7862618E20B2ED0A00E808F2 /* ConsolesTableViewController.swift in Sources */,
				7862619420B2EDC600E808F2 /* GameTableViewCell.swift in Sources */,
			);
			runOnlyForDeploymentPostprocessing = 0;
		};
/* End PBXSourcesBuildPhase section */

/* Begin PBXVariantGroup section */
		7862617A20B2E1B000E808F2 /* Main.storyboard */ = {
			isa = PBXVariantGroup;
			children = (
				7862617B20B2E1B000E808F2 /* Base */,
			);
			name = Main.storyboard;
			sourceTree = "<group>";
		};
		7862618220B2E1B000E808F2 /* LaunchScreen.storyboard */ = {
			isa = PBXVariantGroup;
			children = (
				7862618320B2E1B000E808F2 /* Base */,
			);
			name = LaunchScreen.storyboard;
			sourceTree = "<group>";
		};
/* End PBXVariantGroup section */

/* Begin XCBuildConfiguration section */
		7862618620B2E1B000E808F2 /* Debug */ = {
			isa = XCBuildConfiguration;
			buildSettings = {
				ALWAYS_SEARCH_USER_PATHS = NO;
				CLANG_ANALYZER_NONNULL = YES;
				CLANG_ANALYZER_NUMBER_OBJECT_CONVERSION = YES_AGGRESSIVE;
				CLANG_CXX_LANGUAGE_STANDARD = "gnu++14";
				CLANG_CXX_LIBRARY = "libc++";
				CLANG_ENABLE_MODULES = YES;
				CLANG_ENABLE_OBJC_ARC = YES;
				CLANG_ENABLE_OBJC_WEAK = YES;
				CLANG_WARN_BLOCK_CAPTURE_AUTORELEASING = YES;
				CLANG_WARN_BOOL_CONVERSION = YES;
				CLANG_WARN_COMMA = YES;
				CLANG_WARN_CONSTANT_CONVERSION = YES;
				CLANG_WARN_DEPRECATED_OBJC_IMPLEMENTATIONS = YES;
				CLANG_WARN_DIRECT_OBJC_ISA_USAGE = YES_ERROR;
				CLANG_WARN_DOCUMENTATION_COMMENTS = YES;
				CLANG_WARN_EMPTY_BODY = YES;
				CLANG_WARN_ENUM_CONVERSION = YES;
				CLANG_WARN_INFINITE_RECURSION = YES;
				CLANG_WARN_INT_CONVERSION = YES;
				CLANG_WARN_NON_LITERAL_NULL_CONVERSION = YES;
				CLANG_WARN_OBJC_IMPLICIT_RETAIN_SELF = YES;
				CLANG_WARN_OBJC_LITERAL_CONVERSION = YES;
				CLANG_WARN_OBJC_ROOT_CLASS = YES_ERROR;
				CLANG_WARN_RANGE_LOOP_ANALYSIS = YES;
				CLANG_WARN_STRICT_PROTOTYPES = YES;
				CLANG_WARN_SUSPICIOUS_MOVE = YES;
				CLANG_WARN_UNGUARDED_AVAILABILITY = YES_AGGRESSIVE;
				CLANG_WARN_UNREACHABLE_CODE = YES;
				CLANG_WARN__DUPLICATE_METHOD_MATCH = YES;
				CODE_SIGN_IDENTITY = "iPhone Developer";
				COPY_PHASE_STRIP = NO;
				DEBUG_INFORMATION_FORMAT = dwarf;
				ENABLE_STRICT_OBJC_MSGSEND = YES;
				ENABLE_TESTABILITY = YES;
				GCC_C_LANGUAGE_STANDARD = gnu11;
				GCC_DYNAMIC_NO_PIC = NO;
				GCC_NO_COMMON_BLOCKS = YES;
				GCC_OPTIMIZATION_LEVEL = 0;
				GCC_PREPROCESSOR_DEFINITIONS = (
					"DEBUG=1",
					"$(inherited)",
				);
				GCC_WARN_64_TO_32_BIT_CONVERSION = YES;
				GCC_WARN_ABOUT_RETURN_TYPE = YES_ERROR;
				GCC_WARN_UNDECLARED_SELECTOR = YES;
				GCC_WARN_UNINITIALIZED_AUTOS = YES_AGGRESSIVE;
				GCC_WARN_UNUSED_FUNCTION = YES;
				GCC_WARN_UNUSED_VARIABLE = YES;
				IPHONEOS_DEPLOYMENT_TARGET = 11.3;
				MTL_ENABLE_DEBUG_INFO = YES;
				ONLY_ACTIVE_ARCH = YES;
				SDKROOT = iphoneos;
				SWIFT_ACTIVE_COMPILATION_CONDITIONS = DEBUG;
				SWIFT_OPTIMIZATION_LEVEL = "-Onone";
			};
			name = Debug;
		};
		7862618720B2E1B000E808F2 /* Release */ = {
			isa = XCBuildConfiguration;
			buildSettings = {
				ALWAYS_SEARCH_USER_PATHS = NO;
				CLANG_ANALYZER_NONNULL = YES;
				CLANG_ANALYZER_NUMBER_OBJECT_CONVERSION = YES_AGGRESSIVE;
				CLANG_CXX_LANGUAGE_STANDARD = "gnu++14";
				CLANG_CXX_LIBRARY = "libc++";
				CLANG_ENABLE_MODULES = YES;
				CLANG_ENABLE_OBJC_ARC = YES;
				CLANG_ENABLE_OBJC_WEAK = YES;
				CLANG_WARN_BLOCK_CAPTURE_AUTORELEASING = YES;
				CLANG_WARN_BOOL_CONVERSION = YES;
				CLANG_WARN_COMMA = YES;
				CLANG_WARN_CONSTANT_CONVERSION = YES;
				CLANG_WARN_DEPRECATED_OBJC_IMPLEMENTATIONS = YES;
				CLANG_WARN_DIRECT_OBJC_ISA_USAGE = YES_ERROR;
				CLANG_WARN_DOCUMENTATION_COMMENTS = YES;
				CLANG_WARN_EMPTY_BODY = YES;
				CLANG_WARN_ENUM_CONVERSION = YES;
				CLANG_WARN_INFINITE_RECURSION = YES;
				CLANG_WARN_INT_CONVERSION = YES;
				CLANG_WARN_NON_LITERAL_NULL_CONVERSION = YES;
				CLANG_WARN_OBJC_IMPLICIT_RETAIN_SELF = YES;
				CLANG_WARN_OBJC_LITERAL_CONVERSION = YES;
				CLANG_WARN_OBJC_ROOT_CLASS = YES_ERROR;
				CLANG_WARN_RANGE_LOOP_ANALYSIS = YES;
				CLANG_WARN_STRICT_PROTOTYPES = YES;
				CLANG_WARN_SUSPICIOUS_MOVE = YES;
				CLANG_WARN_UNGUARDED_AVAILABILITY = YES_AGGRESSIVE;
				CLANG_WARN_UNREACHABLE_CODE = YES;
				CLANG_WARN__DUPLICATE_METHOD_MATCH = YES;
				CODE_SIGN_IDENTITY = "iPhone Developer";
				COPY_PHASE_STRIP = NO;
				DEBUG_INFORMATION_FORMAT = "dwarf-with-dsym";
				ENABLE_NS_ASSERTIONS = NO;
				ENABLE_STRICT_OBJC_MSGSEND = YES;
				GCC_C_LANGUAGE_STANDARD = gnu11;
				GCC_NO_COMMON_BLOCKS = YES;
				GCC_WARN_64_TO_32_BIT_CONVERSION = YES;
				GCC_WARN_ABOUT_RETURN_TYPE = YES_ERROR;
				GCC_WARN_UNDECLARED_SELECTOR = YES;
				GCC_WARN_UNINITIALIZED_AUTOS = YES_AGGRESSIVE;
				GCC_WARN_UNUSED_FUNCTION = YES;
				GCC_WARN_UNUSED_VARIABLE = YES;
				IPHONEOS_DEPLOYMENT_TARGET = 11.3;
				MTL_ENABLE_DEBUG_INFO = NO;
				SDKROOT = iphoneos;
				SWIFT_COMPILATION_MODE = wholemodule;
				SWIFT_OPTIMIZATION_LEVEL = "-O";
				VALIDATE_PRODUCT = YES;
			};
			name = Release;
		};
		7862618920B2E1B000E808F2 /* Debug */ = {
			isa = XCBuildConfiguration;
			buildSettings = {
				ASSETCATALOG_COMPILER_APPICON_NAME = AppIcon;
				CODE_SIGN_STYLE = Automatic;
				DEVELOPMENT_TEAM = XKFCJ2D2M6;
				INFOPLIST_FILE = MyGames/Info.plist;
				LD_RUNPATH_SEARCH_PATHS = (
					"$(inherited)",
					"@executable_path/Frameworks",
				);
				PRODUCT_BUNDLE_IDENTIFIER = com.joaorocha.MyGames;
				PRODUCT_NAME = "$(TARGET_NAME)";
				SWIFT_VERSION = 4.0;
				TARGETED_DEVICE_FAMILY = "1,2";
			};
			name = Debug;
		};
		7862618A20B2E1B000E808F2 /* Release */ = {
			isa = XCBuildConfiguration;
			buildSettings = {
				ASSETCATALOG_COMPILER_APPICON_NAME = AppIcon;
				CODE_SIGN_STYLE = Automatic;
				DEVELOPMENT_TEAM = XKFCJ2D2M6;
				INFOPLIST_FILE = MyGames/Info.plist;
				LD_RUNPATH_SEARCH_PATHS = (
					"$(inherited)",
					"@executable_path/Frameworks",
				);
				PRODUCT_BUNDLE_IDENTIFIER = com.joaorocha.MyGames;
				PRODUCT_NAME = "$(TARGET_NAME)";
				SWIFT_VERSION = 4.0;
				TARGETED_DEVICE_FAMILY = "1,2";
			};
			name = Release;
		};
/* End XCBuildConfiguration section */

/* Begin XCConfigurationList section */
		7862616E20B2E1B000E808F2 /* Build configuration list for PBXProject "MyGames" */ = {
			isa = XCConfigurationList;
			buildConfigurations = (
				7862618620B2E1B000E808F2 /* Debug */,
				7862618720B2E1B000E808F2 /* Release */,
			);
			defaultConfigurationIsVisible = 0;
			defaultConfigurationName = Release;
		};
		7862618820B2E1B000E808F2 /* Build configuration list for PBXNativeTarget "MyGames" */ = {
			isa = XCConfigurationList;
			buildConfigurations = (
				7862618920B2E1B000E808F2 /* Debug */,
				7862618A20B2E1B000E808F2 /* Release */,
			);
			defaultConfigurationIsVisible = 0;
			defaultConfigurationName = Release;
		};
/* End XCConfigurationList section */

/* Begin XCVersionGroup section */
		7862617D20B2E1B000E808F2 /* MyGames.xcdatamodeld */ = {
			isa = XCVersionGroup;
			children = (
				7862617E20B2E1B000E808F2 /* MyGames.xcdatamodel */,
			);
			currentVersion = 7862617E20B2E1B000E808F2 /* MyGames.xcdatamodel */;
			path = MyGames.xcdatamodeld;
			sourceTree = "<group>";
			versionGroupType = wrapper.xcdatamodel;
		};
/* End XCVersionGroup section */
	};
	rootObject = 7862616B20B2E1B000E808F2 /* Project object */;
}
